
Microsoft Visual Studio Solution File, Format Version 12.00
# Visual Studio 15
VisualStudioVersion = 15.0.28010.2036
MinimumVisualStudioVersion = 10.0.40219.1
Project("{FAE04EC0-301F-11D3-BF4B-00C04F79EFBC}") = "GCLab5", "GCLab5\GCLab5.csproj", "{1D77F08A-3F13-44DF-884E-85300E093082}"
EndProject
Global
	GlobalSection(SolutionConfigurationPlatforms) = preSolution
		Debug|Any CPU = Debug|Any CPU
		Release|Any CPU = Release|Any CPU
	EndGlobalSection
	GlobalSection(ProjectConfigurationPlatforms) = postSolution
		{1D77F08A-3F13-44DF-884E-85300E093082}.Debug|Any CPU.ActiveCfg = Debug|Any CPU
		{1D77F08A-3F13-44DF-884E-85300E093082}.Debug|Any CPU.Build.0 = Debug|Any CPU
		{1D77F08A-3F13-44DF-884E-85300E093082}.Release|Any CPU.ActiveCfg = Release|Any CPU
		{1D77F08A-3F13-44DF-884E-85300E093082}.Release|Any CPU.Build.0 = Release|Any CPU
	EndGlobalSection
	GlobalSection(SolutionProperties) = preSolution
		HideSolutionNode = FALSE
	EndGlobalSection
	GlobalSection(ExtensibilityGlobals) = postSolution
		SolutionGuid = {66C21DE8-C33A-4081-BC13-D886DA38B469}
	EndGlobalSection
EndGlobal
